
Microsoft Visual Studio Solution File, Format Version 12.00
# Visual Studio Version 17
VisualStudioVersion = 17.9.34728.123
MinimumVisualStudioVersion = 10.0.40219.1
Project("{FAE04EC0-301F-11D3-BF4B-00C04F79EFBC}") = "SistemaGestionUI", "SistemaGestionUI\SistemaGestionUI.csproj", "{FBFA9CD3-87DF-4906-9E9B-531260CC3B28}"
EndProject
Project("{FAE04EC0-301F-11D3-BF4B-00C04F79EFBC}") = "SistemaGestionBussiness", "SistemaGestionBussiness\SistemaGestionBussiness.csproj", "{4E7B816F-29BE-4520-BF90-4C69FE248693}"
EndProject
Project("{FAE04EC0-301F-11D3-BF4B-00C04F79EFBC}") = "SistemaGestionData", "SistemaGestionData\SistemaGestionData.csproj", "{9F6BF887-B5E0-40C0-8709-F5ABED0E3405}"
EndProject
Project("{FAE04EC0-301F-11D3-BF4B-00C04F79EFBC}") = "SistemaGestionEntities", "SistemaGestionEntities\SistemaGestionEntities.csproj", "{74E9ADE8-4BE1-4181-B694-F394621E6C3A}"
EndProject
Global
	GlobalSection(SolutionConfigurationPlatforms) = preSolution
		Debug|Any CPU = Debug|Any CPU
		Release|Any CPU = Release|Any CPU
	EndGlobalSection
	GlobalSection(ProjectConfigurationPlatforms) = postSolution
		{FBFA9CD3-87DF-4906-9E9B-531260CC3B28}.Debug|Any CPU.ActiveCfg = Debug|Any CPU
		{FBFA9CD3-87DF-4906-9E9B-531260CC3B28}.Debug|Any CPU.Build.0 = Debug|Any CPU
		{FBFA9CD3-87DF-4906-9E9B-531260CC3B28}.Release|Any CPU.ActiveCfg = Release|Any CPU
		{FBFA9CD3-87DF-4906-9E9B-531260CC3B28}.Release|Any CPU.Build.0 = Release|Any CPU
		{4E7B816F-29BE-4520-BF90-4C69FE248693}.Debug|Any CPU.ActiveCfg = Debug|Any CPU
		{4E7B816F-29BE-4520-BF90-4C69FE248693}.Debug|Any CPU.Build.0 = Debug|Any CPU
		{4E7B816F-29BE-4520-BF90-4C69FE248693}.Release|Any CPU.ActiveCfg = Release|Any CPU
		{4E7B816F-29BE-4520-BF90-4C69FE248693}.Release|Any CPU.Build.0 = Release|Any CPU
		{9F6BF887-B5E0-40C0-8709-F5ABED0E3405}.Debug|Any CPU.ActiveCfg = Debug|Any CPU
		{9F6BF887-B5E0-40C0-8709-F5ABED0E3405}.Debug|Any CPU.Build.0 = Debug|Any CPU
		{9F6BF887-B5E0-40C0-8709-F5ABED0E3405}.Release|Any CPU.ActiveCfg = Release|Any CPU
		{9F6BF887-B5E0-40C0-8709-F5ABED0E3405}.Release|Any CPU.Build.0 = Release|Any CPU
		{74E9ADE8-4BE1-4181-B694-F394621E6C3A}.Debug|Any CPU.ActiveCfg = Debug|Any CPU
		{74E9ADE8-4BE1-4181-B694-F394621E6C3A}.Debug|Any CPU.Build.0 = Debug|Any CPU
		{74E9ADE8-4BE1-4181-B694-F394621E6C3A}.Release|Any CPU.ActiveCfg = Release|Any CPU
		{74E9ADE8-4BE1-4181-B694-F394621E6C3A}.Release|Any CPU.Build.0 = Release|Any CPU
	EndGlobalSection
	GlobalSection(SolutionProperties) = preSolution
		HideSolutionNode = FALSE
	EndGlobalSection
	GlobalSection(ExtensibilityGlobals) = postSolution
		SolutionGuid = {BF3634F1-17D4-41C8-BF02-87660139BAFF}
	EndGlobalSection
EndGlobal
